# THIS IS AN AUTOGENERATED FILE. DO NOT EDIT THIS FILE DIRECTLY.
# yarn lockfile v1


"@babel/runtime@^7.16.3", "@babel/runtime@^7.17.8", "@babel/runtime@^7.18.9", "@babel/runtime@^7.19.4":
  "integrity" "sha512-EXpLCrk55f+cYqmHsSR+yD/0gAIMxxA9QK9lnQWzhMCvt+YmoBN7Zx94s++Kv0+unHk39vxNO8t+CMA2WSS3wA=="
  "resolved" "https://registry.npmjs.org/@babel/runtime/-/runtime-7.19.4.tgz"
  "version" "7.19.4"
  dependencies:
    "regenerator-runtime" "^0.13.4"

"@noble/hashes@1.0.0":
  "integrity" "sha512-DZVbtY62kc3kkBtMHqwCOfXrT/hnoORy5BJ4+HU1IR59X0KWAOqsfzQPcUl/lQLlG7qXbe/fZ3r/emxtAl+sqg=="
  "resolved" "https://registry.npmjs.org/@noble/hashes/-/hashes-1.0.0.tgz"
  "version" "1.0.0"

"@noble/hashes@1.1.3":
  "integrity" "sha512-CE0FCR57H2acVI5UOzIGSSIYxZ6v/HOhDR0Ro9VLyhnzLwx0o8W1mmgaqlEUx4049qJDlIBRztv5k+MM8vbO3A=="
  "resolved" "https://registry.npmjs.org/@noble/hashes/-/hashes-1.1.3.tgz"
  "version" "1.1.3"

"@noble/secp256k1@1.5.5":
  "integrity" "sha512-sZ1W6gQzYnu45wPrWx8D3kwI2/U29VYTx9OjbDAd7jwRItJ0cSTMPRL/C8AWZFn9kWFLQGqEXVEE86w4Z8LpIQ=="
  "resolved" "https://registry.npmjs.org/@noble/secp256k1/-/secp256k1-1.5.5.tgz"
  "version" "1.5.5"

"@noble/secp256k1@1.7.0":
  "integrity" "sha512-kbacwGSsH/CTout0ZnZWxnW1B+jH/7r/WAAKLBtrRJ/+CUH7lgmQzl3GTrQua3SGKWNSDsS6lmjnDpIJ5Dxyaw=="
  "resolved" "https://registry.npmjs.org/@noble/secp256k1/-/secp256k1-1.7.0.tgz"
  "version" "1.7.0"

"@polkadot/api-augment@^9.5.2", "@polkadot/api-augment@9.5.2":
  "integrity" "sha512-dH6QMY8Z3zI6CrgSU3eSe6f0KWDb5PYGztg/FXGPrjh7Vjic7syWZ1LD6zaHJAFWDp80BEdEXfqr4lConrCKGg=="
  "resolved" "https://registry.npmjs.org/@polkadot/api-augment/-/api-augment-9.5.2.tgz"
  "version" "9.5.2"
  dependencies:
    "@babel/runtime" "^7.19.4"
    "@polkadot/api-base" "9.5.2"
    "@polkadot/rpc-augment" "9.5.2"
    "@polkadot/types" "9.5.2"
    "@polkadot/types-augment" "9.5.2"
    "@polkadot/types-codec" "9.5.2"
    "@polkadot/util" "^10.1.11"

"@polkadot/api-base@9.5.2":
  "integrity" "sha512-BBsH9SLB1FHgjdiU32cZX1puL3Eh8IjOJHjRsO/5SdttciQhF5g/u/m/mM/55qnlXmffI9s2Jre18G0XtVU9Aw=="
  "resolved" "https://registry.npmjs.org/@polkadot/api-base/-/api-base-9.5.2.tgz"
  "version" "9.5.2"
  dependencies:
    "@babel/runtime" "^7.19.4"
    "@polkadot/rpc-core" "9.5.2"
    "@polkadot/types" "9.5.2"
    "@polkadot/util" "^10.1.11"
    "rxjs" "^7.5.7"

"@polkadot/api-derive@6.12.1":
  "integrity" "sha512-5LOVlG5EBCT+ytY6aHmQ4RdEWZovZQqRoc6DLd5BLhkR7BFTHKSkLQW+89so8jd0zEtmSXBVPPnsrXS8joM35Q=="
  "resolved" "https://registry.npmjs.org/@polkadot/api-derive/-/api-derive-6.12.1.tgz"
  "version" "6.12.1"
  dependencies:
    "@babel/runtime" "^7.16.3"
    "@polkadot/api" "6.12.1"
    "@polkadot/rpc-core" "6.12.1"
    "@polkadot/types" "6.12.1"
    "@polkadot/util" "^8.1.2"
    "@polkadot/util-crypto" "^8.1.2"
    "rxjs" "^7.4.0"

"@polkadot/api-derive@9.5.2":
  "integrity" "sha512-kWn12dlqfIES1trNLd3O1i2qa4T97v/co1VMCgVstICwCt3+mGZgpxkMqQqPiWHagKEVeBNoAn+h8eOiQlbujA=="
  "resolved" "https://registry.npmjs.org/@polkadot/api-derive/-/api-derive-9.5.2.tgz"
  "version" "9.5.2"
  dependencies:
    "@babel/runtime" "^7.19.4"
    "@polkadot/api" "9.5.2"
    "@polkadot/api-augment" "9.5.2"
    "@polkadot/api-base" "9.5.2"
    "@polkadot/rpc-core" "9.5.2"
    "@polkadot/types" "9.5.2"
    "@polkadot/types-codec" "9.5.2"
    "@polkadot/util" "^10.1.11"
    "@polkadot/util-crypto" "^10.1.11"
    "rxjs" "^7.5.7"

"@polkadot/api@^6.0.5", "@polkadot/api@6.12.1":
  "integrity" "sha512-RVdTiA2WaEvproM3i6E9TKS1bfXpPd9Ly9lUG/kVLaspjKoIot9DJUDTl97TJ+7xr8LXGbXqm448Ud0hsEBV8Q=="
  "resolved" "https://registry.npmjs.org/@polkadot/api/-/api-6.12.1.tgz"
  "version" "6.12.1"
  dependencies:
    "@babel/runtime" "^7.16.3"
    "@polkadot/api-derive" "6.12.1"
    "@polkadot/keyring" "^8.1.2"
    "@polkadot/rpc-core" "6.12.1"
    "@polkadot/rpc-provider" "6.12.1"
    "@polkadot/types" "6.12.1"
    "@polkadot/types-known" "6.12.1"
    "@polkadot/util" "^8.1.2"
    "@polkadot/util-crypto" "^8.1.2"
    "eventemitter3" "^4.0.7"
    "rxjs" "^7.4.0"

"@polkadot/api@^9.5.2", "@polkadot/api@9.5.2":
  "integrity" "sha512-iEF/E8vQan3fHmIEl3bX7Yn/1jQLlvSDwPOxiQdj4tIcF36HX6vCbkdhQKRif0CNYES58TA9EKFiCNg81k+kXw=="
  "resolved" "https://registry.npmjs.org/@polkadot/api/-/api-9.5.2.tgz"
  "version" "9.5.2"
  dependencies:
    "@babel/runtime" "^7.19.4"
    "@polkadot/api-augment" "9.5.2"
    "@polkadot/api-base" "9.5.2"
    "@polkadot/api-derive" "9.5.2"
    "@polkadot/keyring" "^10.1.11"
    "@polkadot/rpc-augment" "9.5.2"
    "@polkadot/rpc-core" "9.5.2"
    "@polkadot/rpc-provider" "9.5.2"
    "@polkadot/types" "9.5.2"
    "@polkadot/types-augment" "9.5.2"
    "@polkadot/types-codec" "9.5.2"
    "@polkadot/types-create" "9.5.2"
    "@polkadot/types-known" "9.5.2"
    "@polkadot/util" "^10.1.11"
    "@polkadot/util-crypto" "^10.1.11"
    "eventemitter3" "^4.0.7"
    "rxjs" "^7.5.7"

"@polkadot/keyring@^10.1.11":
  "integrity" "sha512-Nv8cZaOA/KbdslDMTklJ58+y+UPpic3+oMQoozuq48Ccjv7WeW2BX47XM/RNE8nYFg6EHa6Whfm4IFaFb8s7ag=="
  "resolved" "https://registry.npmjs.org/@polkadot/keyring/-/keyring-10.1.11.tgz"
  "version" "10.1.11"
  dependencies:
    "@babel/runtime" "^7.19.4"
    "@polkadot/util" "10.1.11"
    "@polkadot/util-crypto" "10.1.11"

"@polkadot/keyring@^8.1.2":
  "integrity" "sha512-t6ZgQVC+nQT7XwbWtEhkDpiAzxKVJw8Xd/gWdww6xIrawHu7jo3SGB4QNdPgkf8TvDHYAAJiupzVQYAlOIq3GA=="
  "resolved" "https://registry.npmjs.org/@polkadot/keyring/-/keyring-8.7.1.tgz"
  "version" "8.7.1"
  dependencies:
    "@babel/runtime" "^7.17.8"
    "@polkadot/util" "8.7.1"
    "@polkadot/util-crypto" "8.7.1"

"@polkadot/networks@^10.1.11", "@polkadot/networks@10.1.11":
  "integrity" "sha512-4FfOVETXwh6PL6wd6fYJMkRSQKm+xUw3vR5rHqcAnB696FpMFPPErc6asgZ9lYMyzNJRY3yG86HQpFhtCv1nGA=="
  "resolved" "https://registry.npmjs.org/@polkadot/networks/-/networks-10.1.11.tgz"
  "version" "10.1.11"
  dependencies:
    "@babel/runtime" "^7.19.4"
    "@polkadot/util" "10.1.11"
    "@substrate/ss58-registry" "^1.33.0"

"@polkadot/networks@^8.1.2", "@polkadot/networks@8.7.1":
  "integrity" "sha512-8xAmhDW0ry5EKcEjp6VTuwoTm0DdDo/zHsmx88P6sVL87gupuFsL+B6TrsYLl8GcaqxujwrOlKB+CKTUg7qFKg=="
  "resolved" "https://registry.npmjs.org/@polkadot/networks/-/networks-8.7.1.tgz"
  "version" "8.7.1"
  dependencies:
    "@babel/runtime" "^7.17.8"
    "@polkadot/util" "8.7.1"
    "@substrate/ss58-registry" "^1.17.0"

"@polkadot/rpc-augment@9.5.2":
  "integrity" "sha512-QAcunC7p/T4xy6e4m0Q1c9tiVYxnm+S9o10tmtx0K4qXzrc/4I2/tsw3nEGi3BzJhvMpFondSQGcJ3gyLwpmVA=="
  "resolved" "https://registry.npmjs.org/@polkadot/rpc-augment/-/rpc-augment-9.5.2.tgz"
  "version" "9.5.2"
  dependencies:
    "@babel/runtime" "^7.19.4"
    "@polkadot/rpc-core" "9.5.2"
    "@polkadot/types" "9.5.2"
    "@polkadot/types-codec" "9.5.2"
    "@polkadot/util" "^10.1.11"

"@polkadot/rpc-core@6.12.1":
  "integrity" "sha512-Hb08D9zho3SB1UNlUCmG5q0gdgbOx25JKGLDfSYpD/wtD0Y1Sf2X5cfgtMoSYE3USWiRdCu4BxQkXTiRjPjzJg=="
  "resolved" "https://registry.npmjs.org/@polkadot/rpc-core/-/rpc-core-6.12.1.tgz"
  "version" "6.12.1"
  dependencies:
    "@babel/runtime" "^7.16.3"
    "@polkadot/rpc-provider" "6.12.1"
    "@polkadot/types" "6.12.1"
    "@polkadot/util" "^8.1.2"
    "rxjs" "^7.4.0"

"@polkadot/rpc-core@9.5.2":
  "integrity" "sha512-4PbNz0GEp3FXYOnsS7mDHZy9DNVBOl56fq8vs09rLkEkrrvGkHmCvabEEWL7OPbwBzwzsCxdgI+IdkVTUKXPkQ=="
  "resolved" "https://registry.npmjs.org/@polkadot/rpc-core/-/rpc-core-9.5.2.tgz"
  "version" "9.5.2"
  dependencies:
    "@babel/runtime" "^7.19.4"
    "@polkadot/rpc-augment" "9.5.2"
    "@polkadot/rpc-provider" "9.5.2"
    "@polkadot/types" "9.5.2"
    "@polkadot/util" "^10.1.11"
    "rxjs" "^7.5.7"

"@polkadot/rpc-provider@6.12.1":
  "integrity" "sha512-uUHD3fLTOeZYWJoc6DQlhz+MJR33rVelasV+OxFY2nSD9MSNXRwQh+9UKDQBnyxw5B4BZ2QaEGfucDeavXmVDw=="
  "resolved" "https://registry.npmjs.org/@polkadot/rpc-provider/-/rpc-provider-6.12.1.tgz"
  "version" "6.12.1"
  dependencies:
    "@babel/runtime" "^7.16.3"
    "@polkadot/types" "6.12.1"
    "@polkadot/util" "^8.1.2"
    "@polkadot/util-crypto" "^8.1.2"
    "@polkadot/x-fetch" "^8.1.2"
    "@polkadot/x-global" "^8.1.2"
    "@polkadot/x-ws" "^8.1.2"
    "eventemitter3" "^4.0.7"

"@polkadot/rpc-provider@9.5.2":
  "integrity" "sha512-Sn2jfvAsvQcl35o0up8JR/XbDMS/3YVDEN2sFuzXtiD77W2njukItbZT+BolfAW+biAUs3bNomump5k/YLiLKg=="
  "resolved" "https://registry.npmjs.org/@polkadot/rpc-provider/-/rpc-provider-9.5.2.tgz"
  "version" "9.5.2"
  dependencies:
    "@babel/runtime" "^7.19.4"
    "@polkadot/keyring" "^10.1.11"
    "@polkadot/types" "9.5.2"
    "@polkadot/types-support" "9.5.2"
    "@polkadot/util" "^10.1.11"
    "@polkadot/util-crypto" "^10.1.11"
    "@polkadot/x-fetch" "^10.1.11"
    "@polkadot/x-global" "^10.1.11"
    "@polkadot/x-ws" "^10.1.11"
    "@substrate/connect" "0.7.14"
    "eventemitter3" "^4.0.7"
    "mock-socket" "^9.1.5"
    "nock" "^13.2.9"

"@polkadot/types-augment@9.5.2":
  "integrity" "sha512-LDJdv/84sECwA0R5lK85/orxjoozJe3+2jeLjRiKr8S6qm9XRfz0wLCSF866kpSGBZ4B1dYBUhzjoSu95y2Jug=="
  "resolved" "https://registry.npmjs.org/@polkadot/types-augment/-/types-augment-9.5.2.tgz"
  "version" "9.5.2"
  dependencies:
    "@babel/runtime" "^7.19.4"
    "@polkadot/types" "9.5.2"
    "@polkadot/types-codec" "9.5.2"
    "@polkadot/util" "^10.1.11"

"@polkadot/types-codec@9.5.2":
  "integrity" "sha512-FJPjE3ceTGTcadeC8d5C+aSR8SLKuQrXKIBmMNBky+WwzEo0vufRqxFWcPLxAOEeeUPgBXS967tP15+UU4psGA=="
  "resolved" "https://registry.npmjs.org/@polkadot/types-codec/-/types-codec-9.5.2.tgz"
  "version" "9.5.2"
  dependencies:
    "@babel/runtime" "^7.19.4"
    "@polkadot/util" "^10.1.11"
    "@polkadot/x-bigint" "^10.1.11"

"@polkadot/types-create@9.5.2":
  "integrity" "sha512-YbplL8K0LqUEHoV3FgZ5B83oVV67KGbLXsWHVVaUZBPsmtXJXrbBfSyJgl/80I2n4lXEBmg3sFAYMbaSTvL05A=="
  "resolved" "https://registry.npmjs.org/@polkadot/types-create/-/types-create-9.5.2.tgz"
  "version" "9.5.2"
  dependencies:
    "@babel/runtime" "^7.19.4"
    "@polkadot/types-codec" "9.5.2"
    "@polkadot/util" "^10.1.11"

"@polkadot/types-known@6.12.1":
  "integrity" "sha512-Z8bHpPQy+mqUm0uR1tai6ra0bQIoPmgRcGFYUM+rJtW1kx/6kZLh10HAICjLpPeA1cwLRzaxHRDqH5MCU6OgXw=="
  "resolved" "https://registry.npmjs.org/@polkadot/types-known/-/types-known-6.12.1.tgz"
  "version" "6.12.1"
  dependencies:
    "@babel/runtime" "^7.16.3"
    "@polkadot/networks" "^8.1.2"
    "@polkadot/types" "6.12.1"
    "@polkadot/util" "^8.1.2"

"@polkadot/types-known@9.5.2":
  "integrity" "sha512-iNaGOF6dGiTvy3Ns8Z7WNjYD1SGnZiapDAKPH4brPuJqMpN6/FxYpfPSSOKx+IJEamsdINcaggb87eWyPxH8CA=="
  "resolved" "https://registry.npmjs.org/@polkadot/types-known/-/types-known-9.5.2.tgz"
  "version" "9.5.2"
  dependencies:
    "@babel/runtime" "^7.19.4"
    "@polkadot/networks" "^10.1.11"
    "@polkadot/types" "9.5.2"
    "@polkadot/types-codec" "9.5.2"
    "@polkadot/types-create" "9.5.2"
    "@polkadot/util" "^10.1.11"

"@polkadot/types-support@9.5.2":
  "integrity" "sha512-Zdbl5fvGQjUkyE1r67vhyPEqLUwlZ35GCnkoobY9MgN6gylhSjNue/shpG4uGsEjWVQL7GkFkrPiwtzDArVilg=="
  "resolved" "https://registry.npmjs.org/@polkadot/types-support/-/types-support-9.5.2.tgz"
  "version" "9.5.2"
  dependencies:
    "@babel/runtime" "^7.19.4"
    "@polkadot/util" "^10.1.11"

"@polkadot/types@6.12.1":
  "integrity" "sha512-O37cAGUL0xiXTuO3ySweVh0OuFUD6asrd0TfuzGsEp3jAISWdElEHV5QDiftWq8J9Vf8BMgTcP2QLFbmSusxqA=="
  "resolved" "https://registry.npmjs.org/@polkadot/types/-/types-6.12.1.tgz"
  "version" "6.12.1"
  dependencies:
    "@babel/runtime" "^7.16.3"
    "@polkadot/types-known" "6.12.1"
    "@polkadot/util" "^8.1.2"
    "@polkadot/util-crypto" "^8.1.2"
    "rxjs" "^7.4.0"

"@polkadot/types@9.5.2":
  "integrity" "sha512-6C5xzOrMK+fu0JMOlSO+8dPDhpwKPOaKMv3v5BMvBEWtDNKM81/QQoAoYT7DSVXq/V16icSFxPs9IWC+6Qq5ag=="
  "resolved" "https://registry.npmjs.org/@polkadot/types/-/types-9.5.2.tgz"
  "version" "9.5.2"
  dependencies:
    "@babel/runtime" "^7.19.4"
    "@polkadot/keyring" "^10.1.11"
    "@polkadot/types-augment" "9.5.2"
    "@polkadot/types-codec" "9.5.2"
    "@polkadot/types-create" "9.5.2"
    "@polkadot/util" "^10.1.11"
    "@polkadot/util-crypto" "^10.1.11"
    "rxjs" "^7.5.7"

"@polkadot/util-crypto@^10.1.11", "@polkadot/util-crypto@10.1.11":
  "integrity" "sha512-wG63frIMAR5T/HXGM0SFNzZZdk7qDBsfLXfn6PIZiXCCCsdEYPzS5WltB7fkhicYpbePJ7VgdCAddj1l4IcGyg=="
  "resolved" "https://registry.npmjs.org/@polkadot/util-crypto/-/util-crypto-10.1.11.tgz"
  "version" "10.1.11"
  dependencies:
    "@babel/runtime" "^7.19.4"
    "@noble/hashes" "1.1.3"
    "@noble/secp256k1" "1.7.0"
    "@polkadot/networks" "10.1.11"
    "@polkadot/util" "10.1.11"
    "@polkadot/wasm-crypto" "^6.3.1"
    "@polkadot/x-bigint" "10.1.11"
    "@polkadot/x-randomvalues" "10.1.11"
    "@scure/base" "1.1.1"
    "ed2curve" "^0.3.0"
    "tweetnacl" "^1.0.3"

"@polkadot/util-crypto@^8.1.2", "@polkadot/util-crypto@8.7.1":
  "integrity" "sha512-TaSuJ2aNrB5sYK7YXszkEv24nYJKRFqjF2OrggoMg6uYxUAECvTkldFnhtgeizMweRMxJIBu6bMHlSIutbWgjw=="
  "resolved" "https://registry.npmjs.org/@polkadot/util-crypto/-/util-crypto-8.7.1.tgz"
  "version" "8.7.1"
  dependencies:
    "@babel/runtime" "^7.17.8"
    "@noble/hashes" "1.0.0"
    "@noble/secp256k1" "1.5.5"
    "@polkadot/networks" "8.7.1"
    "@polkadot/util" "8.7.1"
    "@polkadot/wasm-crypto" "^5.1.1"
    "@polkadot/x-bigint" "8.7.1"
    "@polkadot/x-randomvalues" "8.7.1"
    "@scure/base" "1.0.0"
    "ed2curve" "^0.3.0"
    "tweetnacl" "^1.0.3"

"@polkadot/util@*", "@polkadot/util@^10.1.11", "@polkadot/util@10.1.11":
  "integrity" "sha512-6m51lw6g6ilqO/k4BQY7rD0lYM9NCnC4FiM7CEEUc7j8q86qxdcZ88zdNldkhNsTIQnfmCtkK3GRzZW6VYrbUw=="
  "resolved" "https://registry.npmjs.org/@polkadot/util/-/util-10.1.11.tgz"
  "version" "10.1.11"
  dependencies:
    "@babel/runtime" "^7.19.4"
    "@polkadot/x-bigint" "10.1.11"
    "@polkadot/x-global" "10.1.11"
    "@polkadot/x-textdecoder" "10.1.11"
    "@polkadot/x-textencoder" "10.1.11"
    "@types/bn.js" "^5.1.1"
    "bn.js" "^5.2.1"

"@polkadot/util@^8.1.2", "@polkadot/util@8.7.1":
  "integrity" "sha512-XjY1bTo7V6OvOCe4yn8H2vifeuBciCy0gq0k5P1tlGUQLI/Yt0hvDmxcA0FEPtqg8CL+rYRG7WXGPVNjkrNvyQ=="
  "resolved" "https://registry.npmjs.org/@polkadot/util/-/util-8.7.1.tgz"
  "version" "8.7.1"
  dependencies:
    "@babel/runtime" "^7.17.8"
    "@polkadot/x-bigint" "8.7.1"
    "@polkadot/x-global" "8.7.1"
    "@polkadot/x-textdecoder" "8.7.1"
    "@polkadot/x-textencoder" "8.7.1"
    "@types/bn.js" "^5.1.0"
    "bn.js" "^5.2.0"
    "ip-regex" "^4.3.0"

"@polkadot/wasm-bridge@6.3.1":
  "integrity" "sha512-1TYkHsb9AEFhU9uZj3biEnN2yKQNzdrwSjiTvfCYnt97pnEkKsZI6cku+YPZQv5w/x9CQa5Yua9e2DVVZSivGA=="
  "resolved" "https://registry.npmjs.org/@polkadot/wasm-bridge/-/wasm-bridge-6.3.1.tgz"
  "version" "6.3.1"
  dependencies:
    "@babel/runtime" "^7.18.9"

"@polkadot/wasm-crypto-asmjs@^5.1.1":
  "integrity" "sha512-1WBwc2G3pZMKW1T01uXzKE30Sg22MXmF3RbbZiWWk3H2d/Er4jZQRpjumxO5YGWan+xOb7HQQdwnrUnrPgbDhg=="
  "resolved" "https://registry.npmjs.org/@polkadot/wasm-crypto-asmjs/-/wasm-crypto-asmjs-5.1.1.tgz"
  "version" "5.1.1"
  dependencies:
    "@babel/runtime" "^7.17.8"

"@polkadot/wasm-crypto-asmjs@6.3.1":
  "integrity" "sha512-zbombRfA5v/mUWQQhgg2YwaxhRmxRIrvskw65x+lruax3b6xPBFDs7yplopiJU3r8h2pTgQvX/DUksvqz2TCRQ=="
  "resolved" "https://registry.npmjs.org/@polkadot/wasm-crypto-asmjs/-/wasm-crypto-asmjs-6.3.1.tgz"
  "version" "6.3.1"
  dependencies:
    "@babel/runtime" "^7.18.9"

"@polkadot/wasm-crypto-init@6.3.1":
  "integrity" "sha512-9yaUBcu+snwjJLmPPGl3cyGRQ1afyFGm16qzTM0sgG/ZCfUlK4uk8KWZe+sBUKgoxb2oXY7Y4WklKgQI1YBdfw=="
  "resolved" "https://registry.npmjs.org/@polkadot/wasm-crypto-init/-/wasm-crypto-init-6.3.1.tgz"
  "version" "6.3.1"
  dependencies:
    "@babel/runtime" "^7.18.9"
    "@polkadot/wasm-bridge" "6.3.1"
    "@polkadot/wasm-crypto-asmjs" "6.3.1"
    "@polkadot/wasm-crypto-wasm" "6.3.1"

"@polkadot/wasm-crypto-wasm@^5.1.1":
  "integrity" "sha512-F9PZ30J2S8vUNl2oY7Myow5Xsx5z5uNVpnNlJwlmY8IXBvyucvyQ4HSdhJsrbs4W1BfFc0mHghxgp0FbBCnf/Q=="
  "resolved" "https://registry.npmjs.org/@polkadot/wasm-crypto-wasm/-/wasm-crypto-wasm-5.1.1.tgz"
  "version" "5.1.1"
  dependencies:
    "@babel/runtime" "^7.17.8"

"@polkadot/wasm-crypto-wasm@6.3.1":
  "integrity" "sha512-idSlzKGVzCfeCMRHsacRvqwojSaTadFxL/Dbls4z1thvfa3U9Ku0d2qVtlwg7Hj+tYWDiuP8Kygs+6bQwfs0XA=="
  "resolved" "https://registry.npmjs.org/@polkadot/wasm-crypto-wasm/-/wasm-crypto-wasm-6.3.1.tgz"
  "version" "6.3.1"
  dependencies:
    "@babel/runtime" "^7.18.9"
    "@polkadot/wasm-util" "6.3.1"

"@polkadot/wasm-crypto@^5.1.1":
  "integrity" "sha512-JCcAVfH8DhYuEyd4oX1ouByxhou0TvpErKn8kHjtzt7+tRoFi0nzWlmK4z49vszsV3JJgXxV81i10C0BYlwTcQ=="
  "resolved" "https://registry.npmjs.org/@polkadot/wasm-crypto/-/wasm-crypto-5.1.1.tgz"
  "version" "5.1.1"
  dependencies:
    "@babel/runtime" "^7.17.8"
    "@polkadot/wasm-crypto-asmjs" "^5.1.1"
    "@polkadot/wasm-crypto-wasm" "^5.1.1"

"@polkadot/wasm-crypto@^6.3.1":
  "integrity" "sha512-OO8h0qeVkqp4xYZaRVl4iuWOEtq282pNBHDKb6SOJuI2g59eWGcKh4EQU9Me2VP6qzojIqptrkrVt7KQXC68gA=="
  "resolved" "https://registry.npmjs.org/@polkadot/wasm-crypto/-/wasm-crypto-6.3.1.tgz"
  "version" "6.3.1"
  dependencies:
    "@babel/runtime" "^7.18.9"
    "@polkadot/wasm-bridge" "6.3.1"
    "@polkadot/wasm-crypto-asmjs" "6.3.1"
    "@polkadot/wasm-crypto-init" "6.3.1"
    "@polkadot/wasm-crypto-wasm" "6.3.1"
    "@polkadot/wasm-util" "6.3.1"

"@polkadot/wasm-util@6.3.1":
  "integrity" "sha512-12oAv5J7Yoc9m6jixrSaQCxpOkWOyzHx3DMC8qmLjRiwdBWxqLmImOVRVnFsbaxqSbhBIHRuJphVxWE+GZETDg=="
  "resolved" "https://registry.npmjs.org/@polkadot/wasm-util/-/wasm-util-6.3.1.tgz"
  "version" "6.3.1"
  dependencies:
    "@babel/runtime" "^7.18.9"

"@polkadot/x-bigint@^10.1.11", "@polkadot/x-bigint@10.1.11":
  "integrity" "sha512-TC4KZ+ni/SJhcf/LIwD49C/kwvACu0nCchETNO+sAfJ7COXZwHDUJXVXmwN5PgkQxwsWsKKuJmzR/Fi1bgMWnQ=="
  "resolved" "https://registry.npmjs.org/@polkadot/x-bigint/-/x-bigint-10.1.11.tgz"
  "version" "10.1.11"
  dependencies:
    "@babel/runtime" "^7.19.4"
    "@polkadot/x-global" "10.1.11"

"@polkadot/x-bigint@8.7.1":
  "integrity" "sha512-ClkhgdB/KqcAKk3zA6Qw8wBL6Wz67pYTPkrAtImpvoPJmR+l4RARauv+MH34JXMUNlNb3aUwqN6lq2Z1zN+mJg=="
  "resolved" "https://registry.npmjs.org/@polkadot/x-bigint/-/x-bigint-8.7.1.tgz"
  "version" "8.7.1"
  dependencies:
    "@babel/runtime" "^7.17.8"
    "@polkadot/x-global" "8.7.1"

"@polkadot/x-fetch@^10.1.11":
  "integrity" "sha512-WtyUr9itVD9BLnxCUloJ1iwrXOY/lnlEShEYKHcSm6MIHtbJolePd3v1+o5mOX+bdDbHXhPZnH8anCCqDNDRqg=="
  "resolved" "https://registry.npmjs.org/@polkadot/x-fetch/-/x-fetch-10.1.11.tgz"
  "version" "10.1.11"
  dependencies:
    "@babel/runtime" "^7.19.4"
    "@polkadot/x-global" "10.1.11"
    "@types/node-fetch" "^2.6.2"
    "node-fetch" "^3.2.10"

"@polkadot/x-fetch@^8.1.2":
  "integrity" "sha512-ygNparcalYFGbspXtdtZOHvNXZBkNgmNO+um9C0JYq74K5OY9/be93uyfJKJ8JcRJtOqBfVDsJpbiRkuJ1PRfg=="
  "resolved" "https://registry.npmjs.org/@polkadot/x-fetch/-/x-fetch-8.7.1.tgz"
  "version" "8.7.1"
  dependencies:
    "@babel/runtime" "^7.17.8"
    "@polkadot/x-global" "8.7.1"
    "@types/node-fetch" "^2.6.1"
    "node-fetch" "^2.6.7"

"@polkadot/x-global@^10.1.11", "@polkadot/x-global@10.1.11":
  "integrity" "sha512-bWz5gdcELy6+xfr27R1GE5MPX4nfVlchzHQH+DR6OBbSi9g/PeycQAvFB6IkTmP+YEbNNtIpxnSP37zoUaG3xw=="
  "resolved" "https://registry.npmjs.org/@polkadot/x-global/-/x-global-10.1.11.tgz"
  "version" "10.1.11"
  dependencies:
    "@babel/runtime" "^7.19.4"

"@polkadot/x-global@^8.1.2", "@polkadot/x-global@8.7.1":
  "integrity" "sha512-WOgUor16IihgNVdiTVGAWksYLUAlqjmODmIK1cuWrLOZtV1VBomWcb3obkO9sh5P6iWziAvCB/i+L0vnTN9ZCA=="
  "resolved" "https://registry.npmjs.org/@polkadot/x-global/-/x-global-8.7.1.tgz"
  "version" "8.7.1"
  dependencies:
    "@babel/runtime" "^7.17.8"

"@polkadot/x-randomvalues@*", "@polkadot/x-randomvalues@10.1.11":
  "integrity" "sha512-V2V37f5hoM5B32eCpGw87Lwstin2+ArXhOZ8ENKncbQLXzbF9yTODueDoA5Vt0MJCs2CDP9cyiCYykcanqVkxg=="
  "resolved" "https://registry.npmjs.org/@polkadot/x-randomvalues/-/x-randomvalues-10.1.11.tgz"
  "version" "10.1.11"
  dependencies:
    "@babel/runtime" "^7.19.4"
    "@polkadot/x-global" "10.1.11"

"@polkadot/x-randomvalues@8.7.1":
  "integrity" "sha512-njt17MlfN6yNyNEti7fL12lr5qM6A1aSGkWKVuqzc7XwSBesifJuW4km5u6r2gwhXjH2eHDv9SoQ7WXu8vrrkg=="
  "resolved" "https://registry.npmjs.org/@polkadot/x-randomvalues/-/x-randomvalues-8.7.1.tgz"
  "version" "8.7.1"
  dependencies:
    "@babel/runtime" "^7.17.8"
    "@polkadot/x-global" "8.7.1"

"@polkadot/x-textdecoder@10.1.11":
  "integrity" "sha512-QZqie04SR6pAj260PaLBfZUGXWKI357t4ROVJhpaj06qc1zrk1V8Mwkr49+WzjAPFEOqo70HWnzXmPNCH4dQiw=="
  "resolved" "https://registry.npmjs.org/@polkadot/x-textdecoder/-/x-textdecoder-10.1.11.tgz"
  "version" "10.1.11"
  dependencies:
    "@babel/runtime" "^7.19.4"
    "@polkadot/x-global" "10.1.11"

"@polkadot/x-textdecoder@8.7.1":
  "integrity" "sha512-ia0Ie2zi4VdQdNVD2GE2FZzBMfX//hEL4w546RMJfZM2LqDS674LofHmcyrsv5zscLnnRyCxZC1+J2dt+6MDIA=="
  "resolved" "https://registry.npmjs.org/@polkadot/x-textdecoder/-/x-textdecoder-8.7.1.tgz"
  "version" "8.7.1"
  dependencies:
    "@babel/runtime" "^7.17.8"
    "@polkadot/x-global" "8.7.1"

"@polkadot/x-textencoder@10.1.11":
  "integrity" "sha512-UX+uV9AbDID81waaG/NvTkkf7ZNVW7HSHaddgbWjQEVW2Ex4ByccBarY5jEi6cErEPKfzCamKhgXflu0aV9LWw=="
  "resolved" "https://registry.npmjs.org/@polkadot/x-textencoder/-/x-textencoder-10.1.11.tgz"
  "version" "10.1.11"
  dependencies:
    "@babel/runtime" "^7.19.4"
    "@polkadot/x-global" "10.1.11"

"@polkadot/x-textencoder@8.7.1":
  "integrity" "sha512-XDO0A27Xy+eJCKSxENroB8Dcnl+UclGG4ZBei+P/BqZ9rsjskUyd2Vsl6peMXAcsxwOE7g0uTvujoGM8jpKOXw=="
  "resolved" "https://registry.npmjs.org/@polkadot/x-textencoder/-/x-textencoder-8.7.1.tgz"
  "version" "8.7.1"
  dependencies:
    "@babel/runtime" "^7.17.8"
    "@polkadot/x-global" "8.7.1"

"@polkadot/x-ws@^10.1.11":
  "integrity" "sha512-EUbL/R1A/NxYf6Rnb1M7U9yeTuo5r4y2vcQllE5aBLaQ0cFnRykHzlmZlVX1E7O5uy3lYVdxWC7sNgxItIWkWA=="
  "resolved" "https://registry.npmjs.org/@polkadot/x-ws/-/x-ws-10.1.11.tgz"
  "version" "10.1.11"
  dependencies:
    "@babel/runtime" "^7.19.4"
    "@polkadot/x-global" "10.1.11"
    "@types/websocket" "^1.0.5"
    "websocket" "^1.0.34"

"@polkadot/x-ws@^8.1.2":
  "integrity" "sha512-Mt0tcNzGXyKnN3DQ06alkv+JLtTfXWu6zSypFrrKHSQe3u79xMQ1nSicmpT3gWLhIa8YF+8CYJXMrqaXgCnDhw=="
  "resolved" "https://registry.npmjs.org/@polkadot/x-ws/-/x-ws-8.7.1.tgz"
  "version" "8.7.1"
  dependencies:
    "@babel/runtime" "^7.17.8"
    "@polkadot/x-global" "8.7.1"
    "@types/websocket" "^1.0.5"
    "websocket" "^1.0.34"

"@scure/base@1.0.0":
  "integrity" "sha512-gIVaYhUsy+9s58m/ETjSJVKHhKTBMmcRb9cEV5/5dwvfDlfORjKrFsDeDHWRrm6RjcPvCLZFwGJjAjLj1gg4HA=="
  "resolved" "https://registry.npmjs.org/@scure/base/-/base-1.0.0.tgz"
  "version" "1.0.0"

"@scure/base@1.1.1":
  "integrity" "sha512-ZxOhsSyxYwLJj3pLZCefNitxsj093tb2vq90mp2txoYeBqbcjDjqFhyM8eUjq/uFm6zJ+mUuqxlS2FkuSY1MTA=="
  "resolved" "https://registry.npmjs.org/@scure/base/-/base-1.1.1.tgz"
  "version" "1.1.1"

"@substrate/connect-extension-protocol@^1.0.1":
  "integrity" "sha512-161JhCC1csjH3GE5mPLEd7HbWtwNSPJBg3p1Ksz9SFlTzj/bgEwudiRN2y5i0MoLGCIJRYKyKGMxVnd29PzNjg=="
  "resolved" "https://registry.npmjs.org/@substrate/connect-extension-protocol/-/connect-extension-protocol-1.0.1.tgz"
  "version" "1.0.1"

"@substrate/connect@0.7.14":
  "integrity" "sha512-uW5uBmihpivshmmmw+rsg7qOV0KqVSep4rWOXFMP8aFQinvmqw4JqxP21og4H/7JZxttYUBFQVsdtXHGKJ0aVQ=="
  "resolved" "https://registry.npmjs.org/@substrate/connect/-/connect-0.7.14.tgz"
  "version" "0.7.14"
  dependencies:
    "@substrate/connect-extension-protocol" "^1.0.1"
    "@substrate/smoldot-light" "0.6.34"
    "eventemitter3" "^4.0.7"

"@substrate/smoldot-light@0.6.34":
  "integrity" "sha512-+HK9MaJ0HelJmpf4YYR+salJ7dhVBltmhGlyz5l8OXS9DW18fe0Z2wxEo8P5kX9CUxlCXEb8J9JBRQAYBPHbwQ=="
  "resolved" "https://registry.npmjs.org/@substrate/smoldot-light/-/smoldot-light-0.6.34.tgz"
  "version" "0.6.34"
  dependencies:
    "pako" "^2.0.4"
    "ws" "^8.8.1"

"@substrate/ss58-registry@^1.17.0", "@substrate/ss58-registry@^1.33.0":
  "integrity" "sha512-DztMuMcEfu+tJrtIQIIp5gO8/XJZ8N8UwPObDCSNgrp7trtSkPJAUFB9qXaReXtN9UvTcVBMTWk6VPfFi04Wkg=="
  "resolved" "https://registry.npmjs.org/@substrate/ss58-registry/-/ss58-registry-1.33.0.tgz"
  "version" "1.33.0"

"@tsconfig/node18-strictest-esm@^1.0.1":
  "integrity" "sha512-cHzmAqw7CMbyqROWeBgVhard3F2V6zxOSJnQ4E6SJWruXD5ypuP9/QKekwBdfXQ4oUTaizIICKIwb+v3v33t0w=="
  "resolved" "https://registry.npmjs.org/@tsconfig/node18-strictest-esm/-/node18-strictest-esm-1.0.1.tgz"
  "version" "1.0.1"

"@types/bn.js@^5.1.0", "@types/bn.js@^5.1.1":
  "integrity" "sha512-qNrYbZqMx0uJAfKnKclPh+dTwK33KfLHYqtyODwd5HnXOjnkhc4qgn3BrK6RWyGZm5+sIFE7Q7Vz6QQtJB7w7g=="
  "resolved" "https://registry.npmjs.org/@types/bn.js/-/bn.js-5.1.1.tgz"
  "version" "5.1.1"
  dependencies:
    "@types/node" "*"

"@types/chai-subset@^1.3.3":
  "integrity" "sha512-frBecisrNGz+F4T6bcc+NLeolfiojh5FxW2klu669+8BARtyQv2C/GkNW6FUodVe4BroGMP/wER/YDGc7rEllw=="
  "resolved" "https://registry.npmjs.org/@types/chai-subset/-/chai-subset-1.3.3.tgz"
  "version" "1.3.3"
  dependencies:
    "@types/chai" "*"

"@types/chai@*", "@types/chai@^4.3.3":
  "integrity" "sha512-hC7OMnszpxhZPduX+m+nrx+uFoLkWOMiR4oa/AZF3MuSETYTZmFfJAHqZEM8MVlvfG7BEUcgvtwoCTxBp6hm3g=="
  "resolved" "https://registry.npmjs.org/@types/chai/-/chai-4.3.3.tgz"
  "version" "4.3.3"

"@types/node-fetch@^2.6.1", "@types/node-fetch@^2.6.2":
  "integrity" "sha512-DHqhlq5jeESLy19TYhLakJ07kNumXWjcDdxXsLUMJZ6ue8VZJj4kLPQVE/2mdHh3xZziNF1xppu5lwmS53HR+A=="
  "resolved" "https://registry.npmjs.org/@types/node-fetch/-/node-fetch-2.6.2.tgz"
  "version" "2.6.2"
  dependencies:
    "@types/node" "*"
    "form-data" "^3.0.0"

"@types/node@*":
  "integrity" "sha512-BWN3M23gLO2jVG8g/XHIRFWiiV4/GckeFIqbU/C4V3xpoBBWSMk4OZomouN0wCkfQFPqgZikyLr7DOYDysIkkw=="
  "resolved" "https://registry.npmjs.org/@types/node/-/node-18.11.2.tgz"
  "version" "18.11.2"

"@types/websocket@^1.0.5":
  "integrity" "sha512-NbsqiNX9CnEfC1Z0Vf4mE1SgAJ07JnRYcNex7AJ9zAVzmiGHmjKFEk7O4TJIsgv2B1sLEb6owKFZrACwdYngsQ=="
  "resolved" "https://registry.npmjs.org/@types/websocket/-/websocket-1.0.5.tgz"
  "version" "1.0.5"
  dependencies:
    "@types/node" "*"

"acorn@^8.8.0":
  "integrity" "sha512-7zFpHzhnqYKrkYdUjF1HI1bzd0VygEGX8lFk4k5zVMqHEoES+P+7TKI+EvLO9WVMJ8eekdO0aDEK044xTXwPPA=="
  "resolved" "https://registry.npmjs.org/acorn/-/acorn-8.8.1.tgz"
  "version" "8.8.1"

"assertion-error@^1.1.0":
  "integrity" "sha512-jgsaNduz+ndvGyFt3uSuWqvy4lCnIJiovtouQN5JZHOKCS2QuhEdbcQHFhVksz2N2U9hXJo8odG7ETyWlEeuDw=="
  "resolved" "https://registry.npmjs.org/assertion-error/-/assertion-error-1.1.0.tgz"
  "version" "1.1.0"

"asynckit@^0.4.0":
  "integrity" "sha512-Oei9OH4tRh0YqU3GxhX79dM/mwVgvbZJaSNaRk+bshkj0S5cfHcgYakreBjrHwatXKbz+IoIdYLxrKim2MjW0Q=="
  "resolved" "https://registry.npmjs.org/asynckit/-/asynckit-0.4.0.tgz"
  "version" "0.4.0"

"bn.js@^5.2.0", "bn.js@^5.2.1":
  "integrity" "sha512-eXRvHzWyYPBuB4NBy0cmYQjGitUrtqwbvlzP3G6VFnNRbsZQIxQ10PbKKHt8gZ/HW/D/747aDl+QkDqg3KQLMQ=="
  "resolved" "https://registry.npmjs.org/bn.js/-/bn.js-5.2.1.tgz"
  "version" "5.2.1"

"bufferutil@^4.0.1":
  "integrity" "sha512-kukuqc39WOHtdxtw4UScxF/WVnMFVSQVKhtx3AjZJzhd0RGZZldcrfSEbVsWWe6KNH253574cq5F+wpv0G9pJw=="
  "resolved" "https://registry.npmjs.org/bufferutil/-/bufferutil-4.0.7.tgz"
  "version" "4.0.7"
  dependencies:
    "node-gyp-build" "^4.3.0"

"chai@^4.3.6":
  "integrity" "sha512-bbcp3YfHCUzMOvKqsztczerVgBKSsEijCySNlHHbX3VG1nskvqjz5Rfso1gGwD6w6oOV3eI60pKuMOV5MV7p3Q=="
  "resolved" "https://registry.npmjs.org/chai/-/chai-4.3.6.tgz"
  "version" "4.3.6"
  dependencies:
    "assertion-error" "^1.1.0"
    "check-error" "^1.0.2"
    "deep-eql" "^3.0.1"
    "get-func-name" "^2.0.0"
    "loupe" "^2.3.1"
    "pathval" "^1.1.1"
    "type-detect" "^4.0.5"

"check-error@^1.0.2":
  "integrity" "sha512-BrgHpW9NURQgzoNyjfq0Wu6VFO6D7IZEmJNdtgNqpzGG8RuNFHt2jQxWlAs4HMe119chBnv+34syEZtc6IhLtA=="
  "resolved" "https://registry.npmjs.org/check-error/-/check-error-1.0.2.tgz"
  "version" "1.0.2"

"combined-stream@^1.0.8":
  "integrity" "sha512-FQN4MRfuJeHf7cBbBMJFXhKSDq+2kAArBlmRBvcvFE5BB1HZKXtSFASDhdlz9zOYwxh8lDdnvmMOe/+5cdoEdg=="
  "resolved" "https://registry.npmjs.org/combined-stream/-/combined-stream-1.0.8.tgz"
  "version" "1.0.8"
  dependencies:
    "delayed-stream" "~1.0.0"

"d@^1.0.1", "d@1":
  "integrity" "sha512-m62ShEObQ39CfralilEQRjH6oAMtNCV1xJyEx5LpRYUVN+EviphDgUc/F3hnYbADmkiNs67Y+3ylmlG7Lnu+FA=="
  "resolved" "https://registry.npmjs.org/d/-/d-1.0.1.tgz"
  "version" "1.0.1"
  dependencies:
    "es5-ext" "^0.10.50"
    "type" "^1.0.1"

"data-uri-to-buffer@^4.0.0":
  "integrity" "sha512-Vr3mLBA8qWmcuschSLAOogKgQ/Jwxulv3RNE4FXnYWRGujzrRWQI4m12fQqRkwX06C0KanhLr4hK+GydchZsaA=="
  "resolved" "https://registry.npmjs.org/data-uri-to-buffer/-/data-uri-to-buffer-4.0.0.tgz"
  "version" "4.0.0"

"debug@^2.2.0":
  "integrity" "sha512-bC7ElrdJaJnPbAP+1EotYvqZsb3ecl5wi6Bfi6BJTUcNowp6cvspg0jXznRTKDjm/E7AdgFBVeAPVMNcKGsHMA=="
  "resolved" "https://registry.npmjs.org/debug/-/debug-2.6.9.tgz"
  "version" "2.6.9"
  dependencies:
    "ms" "2.0.0"

"debug@^4.1.0", "debug@^4.3.4":
  "integrity" "sha512-PRWFHuSU3eDtQJPvnNY7Jcket1j0t5OuOsFzPPzsekD52Zl8qUfFIPEiswXqIvHWGVHOgX+7G/vCNNhehwxfkQ=="
  "resolved" "https://registry.npmjs.org/debug/-/debug-4.3.4.tgz"
  "version" "4.3.4"
  dependencies:
    "ms" "2.1.2"

"deep-eql@^3.0.1":
  "integrity" "sha512-+QeIQyN5ZuO+3Uk5DYh6/1eKO0m0YmJFGNmFHGACpf1ClL1nmlV/p4gNgbl2pJGxgXb4faqo6UE+M5ACEMyVcw=="
  "resolved" "https://registry.npmjs.org/deep-eql/-/deep-eql-3.0.1.tgz"
  "version" "3.0.1"
  dependencies:
    "type-detect" "^4.0.0"

"delayed-stream@~1.0.0":
  "integrity" "sha512-ZySD7Nf91aLB0RxL4KGrKHBXl7Eds1DAmEdcoVawXnLD7SDhpNgtuII2aAkg7a7QS41jxPSZ17p4VdGnMHk3MQ=="
  "resolved" "https://registry.npmjs.org/delayed-stream/-/delayed-stream-1.0.0.tgz"
  "version" "1.0.0"

"dot-validator-selector@https://github.com/James-Sangalli/dot-validator-selector/archive/refs/tags/v1.0.4.tar.gz":
  "integrity" "sha512-YQA0cfXHPCma90Xo520HumSsQLTFMaUMqM1qn6fbBnR83n72s/52C2bETi4Uwz3YcF9Sd9Oao7vsO12i0LgtVw=="
  "resolved" "https://github.com/James-Sangalli/dot-validator-selector/archive/refs/tags/v1.0.4.tar.gz"
  "version" "1.0.3"
  dependencies:
    "@polkadot/api" "^6.0.5"

"ed2curve@^0.3.0":
  "integrity" "sha512-8w2fmmq3hv9rCrcI7g9hms2pMunQr1JINfcjwR9tAyZqhtyaMN991lF/ZfHfr5tzZQ8c7y7aBgZbjfbd0fjFwQ=="
  "resolved" "https://registry.npmjs.org/ed2curve/-/ed2curve-0.3.0.tgz"
  "version" "0.3.0"
  dependencies:
    "tweetnacl" "1.x.x"

"es5-ext@^0.10.35", "es5-ext@^0.10.50":
  "integrity" "sha512-BHLqn0klhEpnOKSrzn/Xsz2UIW8j+cGmo9JLzr8BiUapV8hPL9+FliFqjwr9ngW7jWdnxv6eO+/LqyhJVqgrjA=="
  "resolved" "https://registry.npmjs.org/es5-ext/-/es5-ext-0.10.62.tgz"
  "version" "0.10.62"
  dependencies:
    "es6-iterator" "^2.0.3"
    "es6-symbol" "^3.1.3"
    "next-tick" "^1.1.0"

"es6-iterator@^2.0.3":
  "integrity" "sha512-zw4SRzoUkd+cl+ZoE15A9o1oQd920Bb0iOJMQkQhl3jNc03YqVjAhG7scf9C5KWRU/R13Orf588uCC6525o02g=="
  "resolved" "https://registry.npmjs.org/es6-iterator/-/es6-iterator-2.0.3.tgz"
  "version" "2.0.3"
  dependencies:
    "d" "1"
    "es5-ext" "^0.10.35"
    "es6-symbol" "^3.1.1"

"es6-symbol@^3.1.1", "es6-symbol@^3.1.3":
  "integrity" "sha512-NJ6Yn3FuDinBaBRWl/q5X/s4koRHBrgKAu+yGI6JCBeiu3qrcbJhwT2GeR/EXVfylRk8dpQVJoLEFhK+Mu31NA=="
  "resolved" "https://registry.npmjs.org/es6-symbol/-/es6-symbol-3.1.3.tgz"
  "version" "3.1.3"
  dependencies:
    "d" "^1.0.1"
    "ext" "^1.1.2"

"esbuild-darwin-arm64@0.15.12":
  "integrity" "sha512-z4zPX02tQ41kcXMyN3c/GfZpIjKoI/BzHrdKUwhC/Ki5BAhWv59A9M8H+iqaRbwpzYrYidTybBwiZAIWCLJAkw=="
  "resolved" "https://registry.npmjs.org/esbuild-darwin-arm64/-/esbuild-darwin-arm64-0.15.12.tgz"
  "version" "0.15.12"

"esbuild@^0.15.9":
  "integrity" "sha512-PcT+/wyDqJQsRVhaE9uX/Oq4XLrFh0ce/bs2TJh4CSaw9xuvI+xFrH2nAYOADbhQjUgAhNWC5LKoUsakm4dxng=="
  "resolved" "https://registry.npmjs.org/esbuild/-/esbuild-0.15.12.tgz"
  "version" "0.15.12"
  optionalDependencies:
    "@esbuild/android-arm" "0.15.12"
    "@esbuild/linux-loong64" "0.15.12"
    "esbuild-android-64" "0.15.12"
    "esbuild-android-arm64" "0.15.12"
    "esbuild-darwin-64" "0.15.12"
    "esbuild-darwin-arm64" "0.15.12"
    "esbuild-freebsd-64" "0.15.12"
    "esbuild-freebsd-arm64" "0.15.12"
    "esbuild-linux-32" "0.15.12"
    "esbuild-linux-64" "0.15.12"
    "esbuild-linux-arm" "0.15.12"
    "esbuild-linux-arm64" "0.15.12"
    "esbuild-linux-mips64le" "0.15.12"
    "esbuild-linux-ppc64le" "0.15.12"
    "esbuild-linux-riscv64" "0.15.12"
    "esbuild-linux-s390x" "0.15.12"
    "esbuild-netbsd-64" "0.15.12"
    "esbuild-openbsd-64" "0.15.12"
    "esbuild-sunos-64" "0.15.12"
    "esbuild-windows-32" "0.15.12"
    "esbuild-windows-64" "0.15.12"
    "esbuild-windows-arm64" "0.15.12"

"eventemitter3@^4.0.7":
  "integrity" "sha512-8guHBZCwKnFhYdHr2ysuRWErTwhoN2X8XELRlrRwpmfeY2jjuUN4taQMsULKUVo1K4DvZl+0pgfyoysHxvmvEw=="
  "resolved" "https://registry.npmjs.org/eventemitter3/-/eventemitter3-4.0.7.tgz"
  "version" "4.0.7"

"ext@^1.1.2":
  "integrity" "sha512-6hxeJYaL110a9b5TEJSj0gojyHQAmA2ch5Os+ySCiA1QGdS697XWY1pzsrSjqA9LDEEgdB/KypIlR59RcLuHYw=="
  "resolved" "https://registry.npmjs.org/ext/-/ext-1.7.0.tgz"
  "version" "1.7.0"
  dependencies:
    "type" "^2.7.2"

"fetch-blob@^3.1.2", "fetch-blob@^3.1.4":
  "integrity" "sha512-7yAQpD2UMJzLi1Dqv7qFYnPbaPx7ZfFK6PiIxQ4PfkGPyNyl2Ugx+a/umUonmKqjhM4DnfbMvdX6otXq83soQQ=="
  "resolved" "https://registry.npmjs.org/fetch-blob/-/fetch-blob-3.2.0.tgz"
  "version" "3.2.0"
  dependencies:
    "node-domexception" "^1.0.0"
    "web-streams-polyfill" "^3.0.3"

"form-data@^3.0.0":
  "integrity" "sha512-RHkBKtLWUVwd7SqRIvCZMEvAMoGUp0XU+seQiZejj0COz3RI3hWP4sCv3gZWWLjJTd7rGwcsF5eKZGii0r/hbg=="
  "resolved" "https://registry.npmjs.org/form-data/-/form-data-3.0.1.tgz"
  "version" "3.0.1"
  dependencies:
    "asynckit" "^0.4.0"
    "combined-stream" "^1.0.8"
    "mime-types" "^2.1.12"

"formdata-polyfill@^4.0.10":
  "integrity" "sha512-buewHzMvYL29jdeQTVILecSaZKnt/RJWjoZCF5OW60Z67/GmSLBkOFM7qh1PI3zFNtJbaZL5eQu1vLfazOwj4g=="
  "resolved" "https://registry.npmjs.org/formdata-polyfill/-/formdata-polyfill-4.0.10.tgz"
  "version" "4.0.10"
  dependencies:
    "fetch-blob" "^3.1.2"

"fsevents@~2.3.2":
  "integrity" "sha512-xiqMQR4xAeHTuB9uWm+fFRcIOgKBMiOBP+eXiyT7jsgVCq1bkVygt00oASowB7EdtpOHaaPgKt812P9ab+DDKA=="
  "resolved" "https://registry.npmjs.org/fsevents/-/fsevents-2.3.2.tgz"
  "version" "2.3.2"

"function-bind@^1.1.1":
  "integrity" "sha512-yIovAzMX49sF8Yl58fSCWJ5svSLuaibPxXQJFLmBObTuCr0Mf1KiPopGM9NiFjiYBCbfaa2Fh6breQ6ANVTI0A=="
  "resolved" "https://registry.npmjs.org/function-bind/-/function-bind-1.1.1.tgz"
  "version" "1.1.1"

"get-func-name@^2.0.0":
  "integrity" "sha512-Hm0ixYtaSZ/V7C8FJrtZIuBBI+iSgL+1Aq82zSu8VQNB4S3Gk8e7Qs3VwBDJAhmRZcFqkl3tQu36g/Foh5I5ig=="
  "resolved" "https://registry.npmjs.org/get-func-name/-/get-func-name-2.0.0.tgz"
  "version" "2.0.0"

"has@^1.0.3":
  "integrity" "sha512-f2dvO0VU6Oej7RkWJGrehjbzMAjFp5/VKPp5tTpWIV4JHHZK1/BxbFRtf/siA2SWTe09caDmVtYYzWEIbBS4zw=="
  "resolved" "https://registry.npmjs.org/has/-/has-1.0.3.tgz"
  "version" "1.0.3"
  dependencies:
    "function-bind" "^1.1.1"

"ip-regex@^4.3.0":
  "integrity" "sha512-B9ZWJxHHOHUhUjCPrMpLD4xEq35bUTClHM1S6CBU5ixQnkZmwipwgc96vAd7AAGM9TGHvJR+Uss+/Ak6UphK+Q=="
  "resolved" "https://registry.npmjs.org/ip-regex/-/ip-regex-4.3.0.tgz"
  "version" "4.3.0"

"is-core-module@^2.9.0":
  "integrity" "sha512-RRjxlvLDkD1YJwDbroBHMb+cukurkDWNyHx7D3oNB5x9rb5ogcksMC5wHCadcXoo67gVr/+3GFySh3134zi6rw=="
  "resolved" "https://registry.npmjs.org/is-core-module/-/is-core-module-2.11.0.tgz"
  "version" "2.11.0"
  dependencies:
    "has" "^1.0.3"

"is-typedarray@^1.0.0":
  "integrity" "sha512-cyA56iCMHAh5CdzjJIa4aohJyeO1YbwLi3Jc35MmRU6poroFjIGZzUzupGiRPOjgHg9TLu43xbpwXk523fMxKA=="
  "resolved" "https://registry.npmjs.org/is-typedarray/-/is-typedarray-1.0.0.tgz"
  "version" "1.0.0"

"json-stringify-safe@^5.0.1":
  "integrity" "sha512-ZClg6AaYvamvYEE82d3Iyd3vSSIjQ+odgjaTzRuO3s7toCdFKczob2i0zCh7JE8kWn17yvAWhUVxvqGwUalsRA=="
  "resolved" "https://registry.npmjs.org/json-stringify-safe/-/json-stringify-safe-5.0.1.tgz"
  "version" "5.0.1"

"local-pkg@^0.4.2":
  "integrity" "sha512-mlERgSPrbxU3BP4qBqAvvwlgW4MTg78iwJdGGnv7kibKjWcJksrG3t6LB5lXI93wXRDvG4NpUgJFmTG4T6rdrg=="
  "resolved" "https://registry.npmjs.org/local-pkg/-/local-pkg-0.4.2.tgz"
  "version" "0.4.2"

"lodash@^4.17.21":
  "integrity" "sha512-v2kDEe57lecTulaDIuNTPy3Ry4gLGJ6Z1O3vE1krgXZNrsQ+LFTGHVxVjcXPs17LhbZVGedAJv8XZ1tvj5FvSg=="
  "resolved" "https://registry.npmjs.org/lodash/-/lodash-4.17.21.tgz"
  "version" "4.17.21"

"loupe@^2.3.1":
  "integrity" "sha512-OvKfgCC2Ndby6aSTREl5aCCPTNIzlDfQZvZxNUrBrihDhL3xcrYegTblhmEiCrg2kKQz4XsFIaemE5BF4ybSaQ=="
  "resolved" "https://registry.npmjs.org/loupe/-/loupe-2.3.4.tgz"
  "version" "2.3.4"
  dependencies:
    "get-func-name" "^2.0.0"

"mime-db@1.52.0":
  "integrity" "sha512-sPU4uV7dYlvtWJxwwxHD0PuihVNiE7TyAbQ5SWxDCB9mUYvOgroQOwYQQOKPJ8CIbE+1ETVlOoK1UC2nU3gYvg=="
  "resolved" "https://registry.npmjs.org/mime-db/-/mime-db-1.52.0.tgz"
  "version" "1.52.0"

"mime-types@^2.1.12":
  "integrity" "sha512-ZDY+bPm5zTTF+YpCrAU9nK0UgICYPT0QtT1NZWFv4s++TNkcgVaT0g6+4R2uI4MjQjzysHB1zxuWL50hzaeXiw=="
  "resolved" "https://registry.npmjs.org/mime-types/-/mime-types-2.1.35.tgz"
  "version" "2.1.35"
  dependencies:
    "mime-db" "1.52.0"

"mock-socket@^9.1.5":
  "integrity" "sha512-3DeNIcsQixWHHKk6NdoBhWI4t1VMj5/HzfnI1rE/pLl5qKx7+gd4DNA07ehTaZ6MoUU053si6Hd+YtiM/tQZfg=="
  "resolved" "https://registry.npmjs.org/mock-socket/-/mock-socket-9.1.5.tgz"
  "version" "9.1.5"

"ms@2.0.0":
  "integrity" "sha512-Tpp60P6IUJDTuOq/5Z8cdskzJujfwqfOTkrwIwj7IRISpnkJnT6SyJ4PCPnGMoFjC9ddhal5KVIYtAt97ix05A=="
  "resolved" "https://registry.npmjs.org/ms/-/ms-2.0.0.tgz"
  "version" "2.0.0"

"ms@2.1.2":
  "integrity" "sha512-sGkPx+VjMtmA6MX27oA4FBFELFCZZ4S4XqeGOXCv68tT+jb3vk/RyaKWP0PTKyWtmLSM0b+adUTEvbs1PEaH2w=="
  "resolved" "https://registry.npmjs.org/ms/-/ms-2.1.2.tgz"
  "version" "2.1.2"

"nanoid@^3.3.4":
  "integrity" "sha512-MqBkQh/OHTS2egovRtLk45wEyNXwF+cokD+1YPf9u5VfJiRdAiRwB2froX5Co9Rh20xs4siNPm8naNotSD6RBw=="
  "resolved" "https://registry.npmjs.org/nanoid/-/nanoid-3.3.4.tgz"
  "version" "3.3.4"

"next-tick@^1.1.0":
  "integrity" "sha512-CXdUiJembsNjuToQvxayPZF9Vqht7hewsvy2sOWafLvi2awflj9mOC6bHIg50orX8IJvWKY9wYQ/zB2kogPslQ=="
  "resolved" "https://registry.npmjs.org/next-tick/-/next-tick-1.1.0.tgz"
  "version" "1.1.0"

"nock@^13.2.9":
  "integrity" "sha512-1+XfJNYF1cjGB+TKMWi29eZ0b82QOvQs2YoLNzbpWGqFMtRQHTa57osqdGj4FrFPgkO4D4AZinzUJR9VvW3QUA=="
  "resolved" "https://registry.npmjs.org/nock/-/nock-13.2.9.tgz"
  "version" "13.2.9"
  dependencies:
    "debug" "^4.1.0"
    "json-stringify-safe" "^5.0.1"
    "lodash" "^4.17.21"
    "propagate" "^2.0.0"

"node-domexception@^1.0.0":
  "integrity" "sha512-/jKZoMpw0F8GRwl4/eLROPA3cfcXtLApP0QzLmUT/HuPCZWyB7IY9ZrMeKw2O/nFIqPQB3PVM9aYm0F312AXDQ=="
  "resolved" "https://registry.npmjs.org/node-domexception/-/node-domexception-1.0.0.tgz"
  "version" "1.0.0"

"node-fetch@^2.6.7":
  "integrity" "sha512-ZjMPFEfVx5j+y2yF35Kzx5sF7kDzxuDj6ziH4FFbOp87zKDZNx8yExJIb05OGF4Nlt9IHFIMBkRl41VdvcNdbQ=="
  "resolved" "https://registry.npmjs.org/node-fetch/-/node-fetch-2.6.7.tgz"
  "version" "2.6.7"
  dependencies:
    "whatwg-url" "^5.0.0"

"node-fetch@^3.2.10":
  "integrity" "sha512-MhuzNwdURnZ1Cp4XTazr69K0BTizsBroX7Zx3UgDSVcZYKF/6p0CBe4EUb/hLqmzVhl0UpYfgRljQ4yxE+iCxA=="
  "resolved" "https://registry.npmjs.org/node-fetch/-/node-fetch-3.2.10.tgz"
  "version" "3.2.10"
  dependencies:
    "data-uri-to-buffer" "^4.0.0"
    "fetch-blob" "^3.1.4"
    "formdata-polyfill" "^4.0.10"

"node-gyp-build@^4.3.0":
  "integrity" "sha512-2iGbaQBV+ITgCz76ZEjmhUKAKVf7xfY1sRl4UiKQspfZMH2h06SyhNsnSVy50cwkFQDGLyif6m/6uFXHkOZ6rg=="
  "resolved" "https://registry.npmjs.org/node-gyp-build/-/node-gyp-build-4.5.0.tgz"
  "version" "4.5.0"

"pako@^2.0.4":
  "integrity" "sha512-v8tweI900AUkZN6heMU/4Uy4cXRc2AYNRggVmTR+dEncawDJgCdLMximOVA2p4qO57WMynangsfGRb5WD6L1Bg=="
  "resolved" "https://registry.npmjs.org/pako/-/pako-2.0.4.tgz"
  "version" "2.0.4"

"path-parse@^1.0.7":
  "integrity" "sha512-LDJzPVEEEPR+y48z93A0Ed0yXb8pAByGWo/k5YYdYgpY2/2EsOsksJrq7lOHxryrVOn1ejG6oAp8ahvOIQD8sw=="
  "resolved" "https://registry.npmjs.org/path-parse/-/path-parse-1.0.7.tgz"
  "version" "1.0.7"

"pathval@^1.1.1":
  "integrity" "sha512-Dp6zGqpTdETdR63lehJYPeIOqpiNBNtc7BpWSLrOje7UaIsE5aY92r/AunQA7rsXvet3lrJ3JnZX29UPTKXyKQ=="
  "resolved" "https://registry.npmjs.org/pathval/-/pathval-1.1.1.tgz"
  "version" "1.1.1"

"picocolors@^1.0.0":
  "integrity" "sha512-1fygroTLlHu66zi26VoTDv8yRgm0Fccecssto+MhsZ0D/DGW2sm8E8AjW7NU5VVTRt5GxbeZ5qBuJr+HyLYkjQ=="
  "resolved" "https://registry.npmjs.org/picocolors/-/picocolors-1.0.0.tgz"
  "version" "1.0.0"

"postcss@^8.4.18":
  "integrity" "sha512-Wi8mWhncLJm11GATDaQKobXSNEYGUHeQLiQqDFG1qQ5UTDPTEvKw0Xt5NsTpktGTwLps3ByrWsBrG0rB8YQ9oA=="
  "resolved" "https://registry.npmjs.org/postcss/-/postcss-8.4.18.tgz"
  "version" "8.4.18"
  dependencies:
    "nanoid" "^3.3.4"
    "picocolors" "^1.0.0"
    "source-map-js" "^1.0.2"

"prettier@^2.7.1":
  "integrity" "sha512-ujppO+MkdPqoVINuDFDRLClm7D78qbDt0/NR+wp5FqEZOoTNAjPHWj17QRhu7geIHJfcNhRk1XVQmF8Bp3ye+g=="
  "resolved" "https://registry.npmjs.org/prettier/-/prettier-2.7.1.tgz"
  "version" "2.7.1"

"propagate@^2.0.0":
  "integrity" "sha512-vGrhOavPSTz4QVNuBNdcNXePNdNMaO1xj9yBeH1ScQPjk/rhg9sSlCXPhMkFuaNNW/syTvYqsnbIJxMBfRbbag=="
  "resolved" "https://registry.npmjs.org/propagate/-/propagate-2.0.1.tgz"
  "version" "2.0.1"

"regenerator-runtime@^0.13.4":
  "integrity" "sha512-KepLsg4dU12hryUO7bp/axHAKvwGOCV0sGloQtpagJ12ai+ojVDqkeGSiRX1zlq+kjIMZ1t7gpze+26QqtdGqw=="
  "resolved" "https://registry.npmjs.org/regenerator-runtime/-/regenerator-runtime-0.13.10.tgz"
  "version" "0.13.10"

"resolve@^1.22.1":
  "integrity" "sha512-nBpuuYuY5jFsli/JIs1oldw6fOQCBioohqWZg/2hiaOybXOft4lonv85uDOKXdf8rhyK159cxU5cDcK/NKk8zw=="
  "resolved" "https://registry.npmjs.org/resolve/-/resolve-1.22.1.tgz"
  "version" "1.22.1"
  dependencies:
    "is-core-module" "^2.9.0"
    "path-parse" "^1.0.7"
    "supports-preserve-symlinks-flag" "^1.0.0"

"rollup@^2.79.1":
  "integrity" "sha512-uKxbd0IhMZOhjAiD5oAFp7BqvkA4Dv47qpOCtaNvng4HBwdbWtdOh8f5nZNuk2rp51PMGk3bzfWu5oayNEuYnw=="
  "resolved" "https://registry.npmjs.org/rollup/-/rollup-2.79.1.tgz"
  "version" "2.79.1"
  optionalDependencies:
    "fsevents" "~2.3.2"

"rxjs@^7.4.0", "rxjs@^7.5.7":
  "integrity" "sha512-z9MzKh/UcOqB3i20H6rtrlaE/CgjLOvheWK/9ILrbhROGTweAi1BaFsTT9FbwZi5Trr1qNRs+MXkhmR06awzQA=="
  "resolved" "https://registry.npmjs.org/rxjs/-/rxjs-7.5.7.tgz"
  "version" "7.5.7"
  dependencies:
    "tslib" "^2.1.0"

"source-map-js@^1.0.2":
  "integrity" "sha512-R0XvVJ9WusLiqTCEiGCmICCMplcCkIwwR11mOSD9CR5u+IXYdiseeEuXCVAjS54zqwkLcPNnmU4OeJ6tUrWhDw=="
  "resolved" "https://registry.npmjs.org/source-map-js/-/source-map-js-1.0.2.tgz"
  "version" "1.0.2"

"strip-literal@^0.4.2":
  "integrity" "sha512-pv48ybn4iE1O9RLgCAN0iU4Xv7RlBTiit6DKmMiErbs9x1wH6vXBs45tWc0H5wUIF6TLTrKweqkmYF/iraQKNw=="
  "resolved" "https://registry.npmjs.org/strip-literal/-/strip-literal-0.4.2.tgz"
  "version" "0.4.2"
  dependencies:
    "acorn" "^8.8.0"

"supports-preserve-symlinks-flag@^1.0.0":
  "integrity" "sha512-ot0WnXS9fgdkgIcePe6RHNk1WA8+muPa6cSjeR3V8K27q9BB1rTE3R1p7Hv0z1ZyAc8s6Vvv8DIyWf681MAt0w=="
  "resolved" "https://registry.npmjs.org/supports-preserve-symlinks-flag/-/supports-preserve-symlinks-flag-1.0.0.tgz"
  "version" "1.0.0"

"tinybench@^2.3.0":
  "integrity" "sha512-hGYWYBMPr7p4g5IarQE7XhlyWveh1EKhy4wUBS1LrHXCKYgvz+4/jCqgmJqZxxldesn05vccrtME2RLLZNW7iA=="
  "resolved" "https://registry.npmjs.org/tinybench/-/tinybench-2.3.1.tgz"
  "version" "2.3.1"

"tinypool@^0.3.0":
  "integrity" "sha512-NX5KeqHOBZU6Bc0xj9Vr5Szbb1j8tUHIeD18s41aDJaPeC5QTdEhK0SpdpUrZlj2nv5cctNcSjaKNanXlfcVEQ=="
  "resolved" "https://registry.npmjs.org/tinypool/-/tinypool-0.3.0.tgz"
  "version" "0.3.0"

"tinyspy@^1.0.2":
  "integrity" "sha512-bSGlgwLBYf7PnUsQ6WOc6SJ3pGOcd+d8AA6EUnLDDM0kWEstC1JIlSZA3UNliDXhd9ABoS7hiRBDCu+XP/sf1Q=="
  "resolved" "https://registry.npmjs.org/tinyspy/-/tinyspy-1.0.2.tgz"
  "version" "1.0.2"

"tr46@~0.0.3":
  "integrity" "sha512-N3WMsuqV66lT30CrXNbEjx4GEwlow3v6rr4mCcv6prnfwhS01rkgyFdjPNBYd9br7LpXV1+Emh01fHnq2Gdgrw=="
  "resolved" "https://registry.npmjs.org/tr46/-/tr46-0.0.3.tgz"
  "version" "0.0.3"

"tslib@^2.1.0":
  "integrity" "sha512-d6xOpEDfsi2CZVlPQzGeux8XMwLT9hssAsaPYExaQMuYskwb+x1x7J371tWlbBdWHroy99KnVB6qIkUbs5X3UQ=="
  "resolved" "https://registry.npmjs.org/tslib/-/tslib-2.4.0.tgz"
  "version" "2.4.0"

"tweetnacl@^1.0.3", "tweetnacl@1.x.x":
  "integrity" "sha512-6rt+RN7aOi1nGMyC4Xa5DdYiukl2UWCbcJft7YhxReBGQD7OAM8Pbxw6YMo4r2diNEA8FEmu32YOn9rhaiE5yw=="
  "resolved" "https://registry.npmjs.org/tweetnacl/-/tweetnacl-1.0.3.tgz"
  "version" "1.0.3"

"type-detect@^4.0.0", "type-detect@^4.0.5":
  "integrity" "sha512-0fr/mIH1dlO+x7TlcMy+bIDqKPsw/70tVyeHW787goQjhmqaZe10uwLujubK9q9Lg6Fiho1KUKDYz0Z7k7g5/g=="
  "resolved" "https://registry.npmjs.org/type-detect/-/type-detect-4.0.8.tgz"
  "version" "4.0.8"

"type@^1.0.1":
  "integrity" "sha512-+5nt5AAniqsCnu2cEQQdpzCAh33kVx8n0VoFidKpB1dVVLAN/F+bgVOqOJqOnEnrhp222clB5p3vUlD+1QAnfg=="
  "resolved" "https://registry.npmjs.org/type/-/type-1.2.0.tgz"
  "version" "1.2.0"

"type@^2.7.2":
  "integrity" "sha512-dzlvlNlt6AXU7EBSfpAscydQ7gXB+pPGsPnfJnZpiNJBDj7IaJzQlBZYGdEi4R9HmPdBv2XmWJ6YUtoTa7lmCw=="
  "resolved" "https://registry.npmjs.org/type/-/type-2.7.2.tgz"
  "version" "2.7.2"

"typedarray-to-buffer@^3.1.5":
  "integrity" "sha512-zdu8XMNEDepKKR+XYOXAVPtWui0ly0NtohUscw+UmaHiAWT8hrV1rr//H6V+0DvJ3OQ19S979M0laLfX8rm82Q=="
  "resolved" "https://registry.npmjs.org/typedarray-to-buffer/-/typedarray-to-buffer-3.1.5.tgz"
  "version" "3.1.5"
  dependencies:
    "is-typedarray" "^1.0.0"

"typescript@^4.8.4":
  "integrity" "sha512-QCh+85mCy+h0IGff8r5XWzOVSbBO+KfeYrMQh7NJ58QujwcE22u+NUSmUxqF+un70P9GXKxa2HCNiTTMJknyjQ=="
  "resolved" "https://registry.npmjs.org/typescript/-/typescript-4.8.4.tgz"
  "version" "4.8.4"

"utf-8-validate@^5.0.2":
  "integrity" "sha512-Z6czzLq4u8fPOyx7TU6X3dvUZVvoJmxSQ+IcrlmagKhilxlhZgxPK6C5Jqbkw1IDUmFTM+cz9QDnnLTwDz/2gQ=="
  "resolved" "https://registry.npmjs.org/utf-8-validate/-/utf-8-validate-5.0.10.tgz"
  "version" "5.0.10"
  dependencies:
    "node-gyp-build" "^4.3.0"

"vite@^3.0.0":
  "integrity" "sha512-ADtMkfHuWq4tskJsri2n2FZkORO8ZyhI+zIz7zTrDAgDEtct1jdxOg3YsZBfHhKjmMoWLOSCr+64qrEDGo/DbQ=="
  "resolved" "https://registry.npmjs.org/vite/-/vite-3.2.1.tgz"
  "version" "3.2.1"
  dependencies:
    "esbuild" "^0.15.9"
    "postcss" "^8.4.18"
    "resolve" "^1.22.1"
    "rollup" "^2.79.1"
  optionalDependencies:
    "fsevents" "~2.3.2"

"vitest@^0.24.3":
  "integrity" "sha512-aM0auuPPgMSstWvr851hB74g/LKaKBzSxcG3da7ejfZbx08Y21JpZmbmDYrMTCGhVZKqTGwzcnLMwyfz2WzkhQ=="
  "resolved" "https://registry.npmjs.org/vitest/-/vitest-0.24.3.tgz"
  "version" "0.24.3"
  dependencies:
    "@types/chai" "^4.3.3"
    "@types/chai-subset" "^1.3.3"
    "@types/node" "*"
    "chai" "^4.3.6"
    "debug" "^4.3.4"
    "local-pkg" "^0.4.2"
    "strip-literal" "^0.4.2"
    "tinybench" "^2.3.0"
    "tinypool" "^0.3.0"
    "tinyspy" "^1.0.2"
    "vite" "^3.0.0"

"web-streams-polyfill@^3.0.3":
  "integrity" "sha512-e0MO3wdXWKrLbL0DgGnUV7WHVuw9OUvL4hjgnPkIeEvESk74gAITi5G606JtZPp39cd8HA9VQzCIvA49LpPN5Q=="
  "resolved" "https://registry.npmjs.org/web-streams-polyfill/-/web-streams-polyfill-3.2.1.tgz"
  "version" "3.2.1"

"webidl-conversions@^3.0.0":
  "integrity" "sha512-2JAn3z8AR6rjK8Sm8orRC0h/bcl/DqL7tRPdGZ4I1CjdF+EaMLmYxBHyXuKL849eucPFhvBoxMsflfOb8kxaeQ=="
  "resolved" "https://registry.npmjs.org/webidl-conversions/-/webidl-conversions-3.0.1.tgz"
  "version" "3.0.1"

"websocket@^1.0.34":
  "integrity" "sha512-PRDso2sGwF6kM75QykIesBijKSVceR6jL2G8NGYyq2XrItNC2P5/qL5XeR056GhA+Ly7JMFvJb9I312mJfmqnQ=="
  "resolved" "https://registry.npmjs.org/websocket/-/websocket-1.0.34.tgz"
  "version" "1.0.34"
  dependencies:
    "bufferutil" "^4.0.1"
    "debug" "^2.2.0"
    "es5-ext" "^0.10.50"
    "typedarray-to-buffer" "^3.1.5"
    "utf-8-validate" "^5.0.2"
    "yaeti" "^0.0.6"

"whatwg-url@^5.0.0":
  "integrity" "sha512-saE57nupxk6v3HY35+jzBwYa0rKSy0XR8JSxZPwgLr7ys0IBzhGviA1/TUGJLmSVqs8pb9AnvICXEuOHLprYTw=="
  "resolved" "https://registry.npmjs.org/whatwg-url/-/whatwg-url-5.0.0.tgz"
  "version" "5.0.0"
  dependencies:
    "tr46" "~0.0.3"
    "webidl-conversions" "^3.0.0"

"ws@^8.8.1":
  "integrity" "sha512-Ja7nszREasGaYUYCI2k4lCKIRTt+y7XuqVoHR44YpI49TtryyqbqvDMn5eqfW7e6HzTukDRIsXqzVHScqRcafg=="
  "resolved" "https://registry.npmjs.org/ws/-/ws-8.9.0.tgz"
  "version" "8.9.0"

"yaeti@^0.0.6":
  "integrity" "sha512-MvQa//+KcZCUkBTIC9blM+CU9J2GzuTytsOUwf2lidtvkx/6gnEp1QvJv34t9vdjhFmha/mUiNDbN0D0mJWdug=="
  "resolved" "https://registry.npmjs.org/yaeti/-/yaeti-0.0.6.tgz"
  "version" "0.0.6"
